
Microsoft Visual Studio Solution File, Format Version 12.00
# Visual Studio Version 17
VisualStudioVersion = 17.1.32228.430
MinimumVisualStudioVersion = 10.0.40219.1
Project("{9A19103F-16F7-4668-BE54-9A1E7A4F7556}") = "SmartMirrorHubV6.Api", "SmartMirrorHubV6.Api\SmartMirrorHubV6.Api.csproj", "{D3E1A48C-7AD8-49A6-9C45-107648A7A098}"
EndProject
Project("{9A19103F-16F7-4668-BE54-9A1E7A4F7556}") = "SmartMirrorHubV6.Shared", "SmartMirrorHubV6.Shared\SmartMirrorHubV6.Shared.csproj", "{7D164557-7C0B-4987-BD85-C4D3F531C033}"
EndProject
Project("{9A19103F-16F7-4668-BE54-9A1E7A4F7556}") = "SmartMirrorHubV6.Updater", "SmartMirrorHubV6.Updater\SmartMirrorHubV6.Updater.csproj", "{33DD8163-40AE-46A4-95A0-3B73BB52FD78}"
EndProject
Project("{FAE04EC0-301F-11D3-BF4B-00C04F79EFBC}") = "SmartMirrorHubV6.Website", "SmartMirrorHubV6.Website\SmartMirrorHubV6.Website.csproj", "{50C60F66-4E81-450A-817F-35F88E11F6CC}"
EndProject
Global
	GlobalSection(SolutionConfigurationPlatforms) = preSolution
		Debug|Any CPU = Debug|Any CPU
		Release|Any CPU = Release|Any CPU
	EndGlobalSection
	GlobalSection(ProjectConfigurationPlatforms) = postSolution
		{D3E1A48C-7AD8-49A6-9C45-107648A7A098}.Debug|Any CPU.ActiveCfg = Debug|Any CPU
		{D3E1A48C-7AD8-49A6-9C45-107648A7A098}.Debug|Any CPU.Build.0 = Debug|Any CPU
		{D3E1A48C-7AD8-49A6-9C45-107648A7A098}.Release|Any CPU.ActiveCfg = Release|Any CPU
		{D3E1A48C-7AD8-49A6-9C45-107648A7A098}.Release|Any CPU.Build.0 = Release|Any CPU
		{7D164557-7C0B-4987-BD85-C4D3F531C033}.Debug|Any CPU.ActiveCfg = Debug|Any CPU
		{7D164557-7C0B-4987-BD85-C4D3F531C033}.Debug|Any CPU.Build.0 = Debug|Any CPU
		{7D164557-7C0B-4987-BD85-C4D3F531C033}.Release|Any CPU.ActiveCfg = Release|Any CPU
		{7D164557-7C0B-4987-BD85-C4D3F531C033}.Release|Any CPU.Build.0 = Release|Any CPU
		{33DD8163-40AE-46A4-95A0-3B73BB52FD78}.Debug|Any CPU.ActiveCfg = Debug|Any CPU
		{33DD8163-40AE-46A4-95A0-3B73BB52FD78}.Debug|Any CPU.Build.0 = Debug|Any CPU
		{33DD8163-40AE-46A4-95A0-3B73BB52FD78}.Release|Any CPU.ActiveCfg = Release|Any CPU
		{33DD8163-40AE-46A4-95A0-3B73BB52FD78}.Release|Any CPU.Build.0 = Release|Any CPU
		{50C60F66-4E81-450A-817F-35F88E11F6CC}.Debug|Any CPU.ActiveCfg = Debug|Any CPU
		{50C60F66-4E81-450A-817F-35F88E11F6CC}.Debug|Any CPU.Build.0 = Debug|Any CPU
		{50C60F66-4E81-450A-817F-35F88E11F6CC}.Release|Any CPU.ActiveCfg = Release|Any CPU
		{50C60F66-4E81-450A-817F-35F88E11F6CC}.Release|Any CPU.Build.0 = Release|Any CPU
	EndGlobalSection
	GlobalSection(SolutionProperties) = preSolution
		HideSolutionNode = FALSE
	EndGlobalSection
	GlobalSection(ExtensibilityGlobals) = postSolution
		SolutionGuid = {4442BB78-A00E-434B-B9BB-07CAD8B9C827}
	EndGlobalSection
EndGlobal
